
Microsoft Visual Studio Solution File, Format Version 12.00
# Visual Studio Version 17
VisualStudioVersion = 17.11.35327.3
MinimumVisualStudioVersion = 10.0.40219.1
Project("{FAE04EC0-301F-11D3-BF4B-00C04F79EFBC}") = "etude-csharp-list-grouping", "etude-csharp-list-grouping\etude-csharp-list-grouping.csproj", "{2398B8E3-00EB-4D7B-AC0F-6AEE1AA546DD}"
EndProject
Global
	GlobalSection(SolutionConfigurationPlatforms) = preSolution
		Debug|Any CPU = Debug|Any CPU
		Release|Any CPU = Release|Any CPU
	EndGlobalSection
	GlobalSection(ProjectConfigurationPlatforms) = postSolution
		{2398B8E3-00EB-4D7B-AC0F-6AEE1AA546DD}.Debug|Any CPU.ActiveCfg = Debug|Any CPU
		{2398B8E3-00EB-4D7B-AC0F-6AEE1AA546DD}.Debug|Any CPU.Build.0 = Debug|Any CPU
		{2398B8E3-00EB-4D7B-AC0F-6AEE1AA546DD}.Release|Any CPU.ActiveCfg = Release|Any CPU
		{2398B8E3-00EB-4D7B-AC0F-6AEE1AA546DD}.Release|Any CPU.Build.0 = Release|Any CPU
	EndGlobalSection
	GlobalSection(SolutionProperties) = preSolution
		HideSolutionNode = FALSE
	EndGlobalSection
	GlobalSection(ExtensibilityGlobals) = postSolution
		SolutionGuid = {BC71D230-407A-4EF7-8FDB-64EC5990E09F}
	EndGlobalSection
EndGlobal
